
Microsoft Visual Studio Solution File, Format Version 12.00
# Visual Studio Version 16
VisualStudioVersion = 16.0.31321.278
MinimumVisualStudioVersion = 10.0.40219.1
Project("{8BC9CEB8-8B4A-11D0-8D11-00A0C91BC942}") = "revisionACT8", "revisionACT8.vcxproj", "{9CA18FE9-BED8-42FE-83AE-F0385F812782}"
EndProject
Global
	GlobalSection(SolutionConfigurationPlatforms) = preSolution
		Debug|x64 = Debug|x64
		Debug|x86 = Debug|x86
		Release|x64 = Release|x64
		Release|x86 = Release|x86
	EndGlobalSection
	GlobalSection(ProjectConfigurationPlatforms) = postSolution
		{9CA18FE9-BED8-42FE-83AE-F0385F812782}.Debug|x64.ActiveCfg = Debug|x64
		{9CA18FE9-BED8-42FE-83AE-F0385F812782}.Debug|x64.Build.0 = Debug|x64
		{9CA18FE9-BED8-42FE-83AE-F0385F812782}.Debug|x86.ActiveCfg = Debug|Win32
		{9CA18FE9-BED8-42FE-83AE-F0385F812782}.Debug|x86.Build.0 = Debug|Win32
		{9CA18FE9-BED8-42FE-83AE-F0385F812782}.Release|x64.ActiveCfg = Release|x64
		{9CA18FE9-BED8-42FE-83AE-F0385F812782}.Release|x64.Build.0 = Release|x64
		{9CA18FE9-BED8-42FE-83AE-F0385F812782}.Release|x86.ActiveCfg = Release|Win32
		{9CA18FE9-BED8-42FE-83AE-F0385F812782}.Release|x86.Build.0 = Release|Win32
	EndGlobalSection
	GlobalSection(SolutionProperties) = preSolution
		HideSolutionNode = FALSE
	EndGlobalSection
	GlobalSection(ExtensibilityGlobals) = postSolution
		SolutionGuid = {860909AB-4BF2-412D-B16C-9A1336564FBE}
	EndGlobalSection
EndGlobal
